
Microsoft Visual Studio Solution File, Format Version 12.00
# Visual Studio Version 17
VisualStudioVersion = 17.0.31903.59
MinimumVisualStudioVersion = 10.0.40219.1
Project("{FAE04EC0-301F-11D3-BF4B-00C04F79EFBC}") = "TCPServer", "TCPServer\TCPServer.csproj", "{E5440D9D-8E9F-42B8-A1CF-401DF885D650}"
EndProject
Global
	GlobalSection(SolutionConfigurationPlatforms) = preSolution
		Debug|Any CPU = Debug|Any CPU
		Release|Any CPU = Release|Any CPU
	EndGlobalSection
	GlobalSection(ProjectConfigurationPlatforms) = postSolution
		{E5440D9D-8E9F-42B8-A1CF-401DF885D650}.Debug|Any CPU.ActiveCfg = Debug|Any CPU
		{E5440D9D-8E9F-42B8-A1CF-401DF885D650}.Debug|Any CPU.Build.0 = Debug|Any CPU
		{E5440D9D-8E9F-42B8-A1CF-401DF885D650}.Release|Any CPU.ActiveCfg = Release|Any CPU
		{E5440D9D-8E9F-42B8-A1CF-401DF885D650}.Release|Any CPU.Build.0 = Release|Any CPU
	EndGlobalSection
	GlobalSection(SolutionProperties) = preSolution
		HideSolutionNode = FALSE
	EndGlobalSection
	GlobalSection(ExtensibilityGlobals) = postSolution
		SolutionGuid = {5AF277AB-A593-4D44-BA1C-CB18D3047BA7}
	EndGlobalSection
EndGlobal
